<?xml version="1.0" encoding="utf-8"?>
<Project ToolsVersion="4.0" xmlns="http://schemas.microsoft.com/developer/msbuild/2003">
  <ItemGroup>
    <Filter Include="Source Files">
      <UniqueIdentifier>{4FC737F1-C7A5-4376-A066-2A32D752A2FF}</UniqueIdentifier>
      <Extensions>cpp;c;cc;cxx;c++;cppm;ixx;def;odl;idl;hpj;bat;asm;asmx</Extensions>
    </Filter>
    <Filter Include="Header Files">
      <UniqueIdentifier>{93995380-89BD-4b04-88EB-625FBE52EBFB}</UniqueIdentifier>
      <Extensions>h;hh;hpp;hxx;h++;hm;inl;inc;ipp;xsd</Extensions>
    </Filter>
    <Filter Include="Resource Files">
      <UniqueIdentifier>{67DA6AB6-F800-4c08-8B7A-83BB121AAD01}</UniqueIdentifier>
      <Extensions>rc;ico;cur;bmp;dlg;rc2;rct;bin;rgs;gif;jpg;jpeg;jpe;resx;tiff;tif;png;wav;mfcribbon-ms</Extensions>
    </Filter>
  </ItemGroup>
  <ItemGroup>
    <ClInclude Include="..\src\helper\align.h">
      <Filter>Header Files</Filter>
    </ClInclude>
    <ClInclude Include="..\src\helper\base64.h">
      <Filter>Header Files</Filter>
    </ClInclude>
    <ClInclude Include="..\src\helper\binarybuffer.h">
      <Filter>Header Files</Filter>
    </ClInclude>
    <ClInclude Include="..\src\helper\bitfield.h">
      <Filter>Header Files</Filter>
    </ClInclude>
    <ClInclude Include="..\src\helper\bits.h">
      <Filter>Header Files</Filter>
    </ClInclude>
    <ClInclude Include="..\src\helper\command.h">
      <Filter>Header Files</Filter>
    </ClInclude>
    <ClInclude Include="..\src\helper\compiler.h">
      <Filter>Header Files</Filter>
    </ClInclude>
    <ClInclude Include="..\src\helper\configuration.h">
      <Filter>Header Files</Filter>
    </ClInclude>
    <ClInclude Include="..\src\helper\crc32.h">
      <Filter>Header Files</Filter>
    </ClInclude>
    <ClInclude Include="..\src\helper\fileio.h">
      <Filter>Header Files</Filter>
    </ClInclude>
    <ClInclude Include="..\src\helper\jep106.h">
      <Filter>Header Files</Filter>
    </ClInclude>
    <ClInclude Include="..\src\helper\jim-nvp.h">
      <Filter>Header Files</Filter>
    </ClInclude>
    <ClInclude Include="..\src\helper\list.h">
      <Filter>Header Files</Filter>
    </ClInclude>
    <ClInclude Include="..\src\helper\log.h">
      <Filter>Header Files</Filter>
    </ClInclude>
    <ClInclude Include="..\src\helper\nvp.h">
      <Filter>Header Files</Filter>
    </ClInclude>
    <ClInclude Include="..\src\helper\replacements.h">
      <Filter>Header Files</Filter>
    </ClInclude>
    <ClInclude Include="..\src\helper\string_choices.h">
      <Filter>Header Files</Filter>
    </ClInclude>
    <ClInclude Include="..\src\helper\system.h">
      <Filter>Header Files</Filter>
    </ClInclude>
    <ClInclude Include="..\src\helper\time_support.h">
      <Filter>Header Files</Filter>
    </ClInclude>
    <ClInclude Include="..\src\helper\types.h">
      <Filter>Header Files</Filter>
    </ClInclude>
    <ClInclude Include="..\src\helper\util.h">
      <Filter>Header Files</Filter>
    </ClInclude>
  </ItemGroup>
  <ItemGroup>
    <ClCompile Include="..\src\helper\base64.c">
      <Filter>Source Files</Filter>
    </ClCompile>
    <ClCompile Include="..\src\helper\binarybuffer.c">
      <Filter>Source Files</Filter>
    </ClCompile>
    <ClCompile Include="..\src\helper\command.c">
      <Filter>Source Files</Filter>
    </ClCompile>
    <ClCompile Include="..\src\helper\configuration.c">
      <Filter>Source Files</Filter>
    </ClCompile>
    <ClCompile Include="..\src\helper\crc32.c">
      <Filter>Source Files</Filter>
    </ClCompile>
    <ClCompile Include="..\src\helper\fileio.c">
      <Filter>Source Files</Filter>
    </ClCompile>
    <ClCompile Include="..\src\helper\jep106.c">
      <Filter>Source Files</Filter>
    </ClCompile>
    <ClCompile Include="..\src\helper\jim-nvp.c">
      <Filter>Source Files</Filter>
    </ClCompile>
    <ClCompile Include="..\src\helper\list.c">
      <Filter>Source Files</Filter>
    </ClCompile>
    <ClCompile Include="..\src\helper\log.c">
      <Filter>Source Files</Filter>
    </ClCompile>
    <ClCompile Include="..\src\helper\nvp.c">
      <Filter>Source Files</Filter>
    </ClCompile>
    <ClCompile Include="..\src\helper\options.c">
      <Filter>Source Files</Filter>
    </ClCompile>
    <ClCompile Include="..\src\helper\replacements.c">
      <Filter>Source Files</Filter>
    </ClCompile>
    <ClCompile Include="..\src\helper\time_support.c">
      <Filter>Source Files</Filter>
    </ClCompile>
    <ClCompile Include="..\src\helper\time_support_common.c">
      <Filter>Source Files</Filter>
    </ClCompile>
    <ClCompile Include="..\src\helper\types.c">
      <Filter>Source Files</Filter>
    </ClCompile>
    <ClCompile Include="..\src\helper\util.c">
      <Filter>Source Files</Filter>
    </ClCompile>
  </ItemGroup>
  <ItemGroup>
    <None Include="..\src\helper\bin2char.sh" />
    <None Include="..\src\helper\jep106.inc">
      <Filter>Header Files</Filter>
    </None>
    <None Include="..\src\helper\Makefile.am" />
    <None Include="..\src\helper\startup.tcl" />
    <None Include="..\src\helper\update_jep106.pl" />
  </ItemGroup>
</Project>