<?xml version="1.0" encoding="utf-8"?>
<Project ToolsVersion="4.0" xmlns="http://schemas.microsoft.com/developer/msbuild/2003">
  <ItemGroup>
    <Filter Include="Source Files">
      <UniqueIdentifier>{4FC737F1-C7A5-4376-A066-2A32D752A2FF}</UniqueIdentifier>
      <Extensions>cpp;c;cc;cxx;c++;cppm;ixx;def;odl;idl;hpj;bat;asm;asmx</Extensions>
    </Filter>
    <Filter Include="Header Files">
      <UniqueIdentifier>{93995380-89BD-4b04-88EB-625FBE52EBFB}</UniqueIdentifier>
      <Extensions>h;hh;hpp;hxx;h++;hm;inl;inc;ipp;xsd</Extensions>
    </Filter>
    <Filter Include="Resource Files">
      <UniqueIdentifier>{67DA6AB6-F800-4c08-8B7A-83BB121AAD01}</UniqueIdentifier>
      <Extensions>rc;ico;cur;bmp;dlg;rc2;rct;bin;rgs;gif;jpg;jpeg;jpe;resx;tiff;tif;png;wav;mfcribbon-ms</Extensions>
    </Filter>
    <Filter Include="jsmn">
      <UniqueIdentifier>{e76c8c49-9ea2-4b3f-88ed-a0e538e9c22c}</UniqueIdentifier>
    </Filter>
    <Filter Include="sqlite3">
      <UniqueIdentifier>{962ef082-5c27-45ab-92c4-25e065552cef}</UniqueIdentifier>
    </Filter>
  </ItemGroup>
  <ItemGroup>
    <ClCompile Include="..\jimtcl\sqlite3\jim-sqlite.c">
      <Filter>sqlite3</Filter>
    </ClCompile>
    <ClCompile Include="..\jimtcl\sqlite3\sqlite3.c">
      <Filter>sqlite3</Filter>
    </ClCompile>
    <ClCompile Include="..\jimtcl\jsmn\jsmn.c">
      <Filter>jsmn</Filter>
    </ClCompile>
    <ClCompile Include="..\jimtcl\jim.c">
      <Filter>Source Files</Filter>
    </ClCompile>
    <ClCompile Include="..\jimtcl\jim-aio.c">
      <Filter>Source Files</Filter>
    </ClCompile>
    <ClCompile Include="..\jimtcl\jim-array.c">
      <Filter>Source Files</Filter>
    </ClCompile>
    <ClCompile Include="..\jimtcl\jim-clock.c">
      <Filter>Source Files</Filter>
    </ClCompile>
    <ClCompile Include="..\jimtcl\jim-eventloop.c">
      <Filter>Source Files</Filter>
    </ClCompile>
    <ClCompile Include="..\jimtcl\jim-exec.c">
      <Filter>Source Files</Filter>
    </ClCompile>
    <ClCompile Include="..\jimtcl\jim-file.c">
      <Filter>Source Files</Filter>
    </ClCompile>
    <ClCompile Include="..\jimtcl\jim-format.c">
      <Filter>Source Files</Filter>
    </ClCompile>
    <ClCompile Include="..\jimtcl\jim-history.c">
      <Filter>Source Files</Filter>
    </ClCompile>
    <ClCompile Include="..\jimtcl\jim-interactive.c">
      <Filter>Source Files</Filter>
    </ClCompile>
    <ClCompile Include="..\jimtcl\jim-interp.c">
      <Filter>Source Files</Filter>
    </ClCompile>
    <ClCompile Include="..\jimtcl\jimiocompat.c">
      <Filter>Source Files</Filter>
    </ClCompile>
    <ClCompile Include="..\jimtcl\jim-json.c">
      <Filter>Source Files</Filter>
    </ClCompile>
    <ClCompile Include="..\jimtcl\jim-load.c">
      <Filter>Source Files</Filter>
    </ClCompile>
    <ClCompile Include="..\jimtcl\jim-mk.cpp">
      <Filter>Source Files</Filter>
    </ClCompile>
    <ClCompile Include="..\jimtcl\jim-namespace.c">
      <Filter>Source Files</Filter>
    </ClCompile>
    <ClCompile Include="..\jimtcl\jim-nosignal.c">
      <Filter>Source Files</Filter>
    </ClCompile>
    <ClCompile Include="..\jimtcl\jim-pack.c">
      <Filter>Source Files</Filter>
    </ClCompile>
    <ClCompile Include="..\jimtcl\jim-package.c">
      <Filter>Source Files</Filter>
    </ClCompile>
    <ClCompile Include="..\jimtcl\jim-posix.c">
      <Filter>Source Files</Filter>
    </ClCompile>
    <ClCompile Include="..\jimtcl\jim-readdir.c">
      <Filter>Source Files</Filter>
    </ClCompile>
    <ClCompile Include="..\jimtcl\jim-readline.c">
      <Filter>Source Files</Filter>
    </ClCompile>
    <ClCompile Include="..\jimtcl\jim-redis.c">
      <Filter>Source Files</Filter>
    </ClCompile>
    <ClCompile Include="..\jimtcl\jimregexp.c">
      <Filter>Source Files</Filter>
    </ClCompile>
    <ClCompile Include="..\jimtcl\jim-regexp.c">
      <Filter>Source Files</Filter>
    </ClCompile>
    <ClCompile Include="..\jimtcl\jim-sdl.c">
      <Filter>Source Files</Filter>
    </ClCompile>
    <ClCompile Include="..\jimtcl\jimsh.c">
      <Filter>Source Files</Filter>
    </ClCompile>
    <ClCompile Include="..\jimtcl\jim-signal.c">
      <Filter>Source Files</Filter>
    </ClCompile>
    <ClCompile Include="..\jimtcl\jim-sqlite3.c">
      <Filter>Source Files</Filter>
    </ClCompile>
    <ClCompile Include="..\jimtcl\jim-subcmd.c">
      <Filter>Source Files</Filter>
    </ClCompile>
    <ClCompile Include="..\jimtcl\jim-syslog.c">
      <Filter>Source Files</Filter>
    </ClCompile>
    <ClCompile Include="..\jimtcl\jim-tclprefix.c">
      <Filter>Source Files</Filter>
    </ClCompile>
    <ClCompile Include="..\jimtcl\jim-tty.c">
      <Filter>Source Files</Filter>
    </ClCompile>
    <ClCompile Include="..\jimtcl\jim-win32.c">
      <Filter>Source Files</Filter>
    </ClCompile>
    <ClCompile Include="..\jimtcl\jim-win32compat.c">
      <Filter>Source Files</Filter>
    </ClCompile>
    <ClCompile Include="..\jimtcl\jim-zlib.c">
      <Filter>Source Files</Filter>
    </ClCompile>
    <ClCompile Include="..\jimtcl\linenoise.c">
      <Filter>Source Files</Filter>
    </ClCompile>
    <ClCompile Include="..\jimtcl\linenoise-win32.c">
      <Filter>Source Files</Filter>
    </ClCompile>
    <ClCompile Include="..\jimtcl\openpty.c">
      <Filter>Source Files</Filter>
    </ClCompile>
    <ClCompile Include="..\jimtcl\utf8.c">
      <Filter>Source Files</Filter>
    </ClCompile>
  </ItemGroup>
  <ItemGroup>
    <ClInclude Include="..\jimtcl\sqlite3\sqlite3.h">
      <Filter>sqlite3</Filter>
    </ClInclude>
    <ClInclude Include="..\jimtcl\sqlite3\sqlite3ext.h">
      <Filter>sqlite3</Filter>
    </ClInclude>
    <ClInclude Include="..\jimtcl\jsmn\jsmn.h">
      <Filter>jsmn</Filter>
    </ClInclude>
    <ClInclude Include="..\jimtcl\jim.h">
      <Filter>Header Files</Filter>
    </ClInclude>
    <ClInclude Include="..\jimtcl\jim-eventloop.h">
      <Filter>Header Files</Filter>
    </ClInclude>
    <ClInclude Include="..\jimtcl\jimiocompat.h">
      <Filter>Header Files</Filter>
    </ClInclude>
    <ClInclude Include="..\jimtcl\jimregexp.h">
      <Filter>Header Files</Filter>
    </ClInclude>
    <ClInclude Include="..\jimtcl\jim-signal.h">
      <Filter>Header Files</Filter>
    </ClInclude>
    <ClInclude Include="..\jimtcl\jim-subcmd.h">
      <Filter>Header Files</Filter>
    </ClInclude>
    <ClInclude Include="..\jimtcl\jim-tty.h">
      <Filter>Header Files</Filter>
    </ClInclude>
    <ClInclude Include="..\jimtcl\jim-win32compat.h">
      <Filter>Header Files</Filter>
    </ClInclude>
    <ClInclude Include="..\jimtcl\linenoise.h">
      <Filter>Header Files</Filter>
    </ClInclude>
    <ClInclude Include="..\jimtcl\utf8.h">
      <Filter>Header Files</Filter>
    </ClInclude>
    <ClInclude Include="jim-config.h">
      <Filter>Header Files</Filter>
    </ClInclude>
    <ClInclude Include="jimautoconf.h">
      <Filter>Header Files</Filter>
    </ClInclude>
  </ItemGroup>
  <ItemGroup>
    <None Include="packages.config" />
  </ItemGroup>
</Project>