<?xml version="1.0" encoding="utf-8"?>
<Project ToolsVersion="4.0" xmlns="http://schemas.microsoft.com/developer/msbuild/2003">
  <ItemGroup>
    <Filter Include="src">
      <UniqueIdentifier>{22939c16-c790-47d7-b3aa-ee13a9c146cb}</UniqueIdentifier>
    </Filter>
  </ItemGroup>
  <ItemGroup>
    <ClCompile Include="..\src\main.c">
      <Filter>src</Filter>
    </ClCompile>
    <ClCompile Include="..\src\openocd.c">
      <Filter>src</Filter>
    </ClCompile>
    <ClCompile Include="getopt.c">
      <Filter>src</Filter>
    </ClCompile>
    <ClCompile Include="..\src\hello.c">
      <Filter>src</Filter>
    </ClCompile>
    <ClCompile Include="getopt_long.c">
      <Filter>src</Filter>
    </ClCompile>
  </ItemGroup>
  <ItemGroup>
    <ClInclude Include="..\src\openocd.h">
      <Filter>src</Filter>
    </ClInclude>
    <ClInclude Include="config.h">
      <Filter>src</Filter>
    </ClInclude>
    <ClInclude Include="getopt.h">
      <Filter>src</Filter>
    </ClInclude>
    <ClInclude Include="..\src\hello.h">
      <Filter>src</Filter>
    </ClInclude>
  </ItemGroup>
  <ItemGroup>
    <None Include="packages.config" />
  </ItemGroup>
</Project>