
Microsoft Visual Studio Solution File, Format Version 12.00
# Visual Studio Version 18
VisualStudioVersion = 18.3.11222.16 d18.3
MinimumVisualStudioVersion = 10.0.40219.1
Project("{8BC9CEB8-8B4A-11D0-8D11-00A0C91BC942}") = "openocd", "openocd.vcxproj", "{44034BAF-5E7B-4296-9EB4-6C58AF5C780D}"
EndProject
Project("{8BC9CEB8-8B4A-11D0-8D11-00A0C91BC942}") = "jimtcl", "jimtcl.vcxproj", "{CCAAF75C-ED43-467D-9946-BD6C8883E558}"
EndProject
Project("{2150E333-8FDC-42A3-9474-1A3956D46DE8}") = "OpenOCD Libs", "OpenOCD Libs", "{9096C8A3-67CB-4792-AF71-D528D697AB95}"
EndProject
Project("{8BC9CEB8-8B4A-11D0-8D11-00A0C91BC942}") = "flash", "flash.vcxproj", "{EE572083-8D2D-4784-BF93-87AF32152533}"
EndProject
Project("{8BC9CEB8-8B4A-11D0-8D11-00A0C91BC942}") = "helper", "helper.vcxproj", "{C472EC22-5DF6-4986-9E18-B77B735918F2}"
EndProject
Project("{8BC9CEB8-8B4A-11D0-8D11-00A0C91BC942}") = "jtag", "jtag.vcxproj", "{FF923929-0600-46F7-B178-16FA432B3B90}"
EndProject
Project("{8BC9CEB8-8B4A-11D0-8D11-00A0C91BC942}") = "pld", "pld.vcxproj", "{3F24B278-B4C2-4AB4-9F5D-F4730B653B0D}"
EndProject
Project("{8BC9CEB8-8B4A-11D0-8D11-00A0C91BC942}") = "rtos", "rtos.vcxproj", "{95F4B277-3307-45F0-8043-50DA1ED36887}"
EndProject
Project("{8BC9CEB8-8B4A-11D0-8D11-00A0C91BC942}") = "rtt", "rtt.vcxproj", "{BEB58148-7726-4218-BD6B-5AE258879C94}"
EndProject
Project("{8BC9CEB8-8B4A-11D0-8D11-00A0C91BC942}") = "server", "server.vcxproj", "{F62CDCAB-A511-4237-B3B5-8945709879E5}"
EndProject
Project("{8BC9CEB8-8B4A-11D0-8D11-00A0C91BC942}") = "svf", "svf.vcxproj", "{009D6C69-39D6-4EBD-8317-880921C6D354}"
EndProject
Project("{8BC9CEB8-8B4A-11D0-8D11-00A0C91BC942}") = "target", "target.vcxproj", "{5E78FD69-8DD9-4E75-A245-B5608174A2A9}"
EndProject
Project("{8BC9CEB8-8B4A-11D0-8D11-00A0C91BC942}") = "transport", "transport.vcxproj", "{6A821C86-B4BE-41CA-9A12-FF967CED52F0}"
EndProject
Project("{8BC9CEB8-8B4A-11D0-8D11-00A0C91BC942}") = "xsvf", "xsvf.vcxproj", "{9B2A6564-276A-4286-A4C3-346932FC7720}"
EndProject
Global
	GlobalSection(SolutionConfigurationPlatforms) = preSolution
		Debug|x64 = Debug|x64
		Debug|x86 = Debug|x86
		Release|x64 = Release|x64
		Release|x86 = Release|x86
	EndGlobalSection
	GlobalSection(ProjectConfigurationPlatforms) = postSolution
		{44034BAF-5E7B-4296-9EB4-6C58AF5C780D}.Debug|x64.ActiveCfg = Debug|x64
		{44034BAF-5E7B-4296-9EB4-6C58AF5C780D}.Debug|x64.Build.0 = Debug|x64
		{44034BAF-5E7B-4296-9EB4-6C58AF5C780D}.Debug|x86.ActiveCfg = Debug|Win32
		{44034BAF-5E7B-4296-9EB4-6C58AF5C780D}.Debug|x86.Build.0 = Debug|Win32
		{44034BAF-5E7B-4296-9EB4-6C58AF5C780D}.Release|x64.ActiveCfg = Release|x64
		{44034BAF-5E7B-4296-9EB4-6C58AF5C780D}.Release|x64.Build.0 = Release|x64
		{44034BAF-5E7B-4296-9EB4-6C58AF5C780D}.Release|x86.ActiveCfg = Release|Win32
		{44034BAF-5E7B-4296-9EB4-6C58AF5C780D}.Release|x86.Build.0 = Release|Win32
		{CCAAF75C-ED43-467D-9946-BD6C8883E558}.Debug|x64.ActiveCfg = Debug|x64
		{CCAAF75C-ED43-467D-9946-BD6C8883E558}.Debug|x64.Build.0 = Debug|x64
		{CCAAF75C-ED43-467D-9946-BD6C8883E558}.Debug|x86.ActiveCfg = Debug|Win32
		{CCAAF75C-ED43-467D-9946-BD6C8883E558}.Debug|x86.Build.0 = Debug|Win32
		{CCAAF75C-ED43-467D-9946-BD6C8883E558}.Release|x64.ActiveCfg = Release|x64
		{CCAAF75C-ED43-467D-9946-BD6C8883E558}.Release|x64.Build.0 = Release|x64
		{CCAAF75C-ED43-467D-9946-BD6C8883E558}.Release|x86.ActiveCfg = Release|Win32
		{CCAAF75C-ED43-467D-9946-BD6C8883E558}.Release|x86.Build.0 = Release|Win32
		{EE572083-8D2D-4784-BF93-87AF32152533}.Debug|x64.ActiveCfg = Debug|x64
		{EE572083-8D2D-4784-BF93-87AF32152533}.Debug|x64.Build.0 = Debug|x64
		{EE572083-8D2D-4784-BF93-87AF32152533}.Debug|x86.ActiveCfg = Debug|Win32
		{EE572083-8D2D-4784-BF93-87AF32152533}.Debug|x86.Build.0 = Debug|Win32
		{EE572083-8D2D-4784-BF93-87AF32152533}.Release|x64.ActiveCfg = Release|x64
		{EE572083-8D2D-4784-BF93-87AF32152533}.Release|x64.Build.0 = Release|x64
		{EE572083-8D2D-4784-BF93-87AF32152533}.Release|x86.ActiveCfg = Release|Win32
		{EE572083-8D2D-4784-BF93-87AF32152533}.Release|x86.Build.0 = Release|Win32
		{C472EC22-5DF6-4986-9E18-B77B735918F2}.Debug|x64.ActiveCfg = Debug|x64
		{C472EC22-5DF6-4986-9E18-B77B735918F2}.Debug|x64.Build.0 = Debug|x64
		{C472EC22-5DF6-4986-9E18-B77B735918F2}.Debug|x86.ActiveCfg = Debug|Win32
		{C472EC22-5DF6-4986-9E18-B77B735918F2}.Debug|x86.Build.0 = Debug|Win32
		{C472EC22-5DF6-4986-9E18-B77B735918F2}.Release|x64.ActiveCfg = Release|x64
		{C472EC22-5DF6-4986-9E18-B77B735918F2}.Release|x64.Build.0 = Release|x64
		{C472EC22-5DF6-4986-9E18-B77B735918F2}.Release|x86.ActiveCfg = Release|Win32
		{C472EC22-5DF6-4986-9E18-B77B735918F2}.Release|x86.Build.0 = Release|Win32
		{FF923929-0600-46F7-B178-16FA432B3B90}.Debug|x64.ActiveCfg = Debug|x64
		{FF923929-0600-46F7-B178-16FA432B3B90}.Debug|x64.Build.0 = Debug|x64
		{FF923929-0600-46F7-B178-16FA432B3B90}.Debug|x86.ActiveCfg = Debug|Win32
		{FF923929-0600-46F7-B178-16FA432B3B90}.Debug|x86.Build.0 = Debug|Win32
		{FF923929-0600-46F7-B178-16FA432B3B90}.Release|x64.ActiveCfg = Release|x64
		{FF923929-0600-46F7-B178-16FA432B3B90}.Release|x64.Build.0 = Release|x64
		{FF923929-0600-46F7-B178-16FA432B3B90}.Release|x86.ActiveCfg = Release|Win32
		{FF923929-0600-46F7-B178-16FA432B3B90}.Release|x86.Build.0 = Release|Win32
		{3F24B278-B4C2-4AB4-9F5D-F4730B653B0D}.Debug|x64.ActiveCfg = Debug|x64
		{3F24B278-B4C2-4AB4-9F5D-F4730B653B0D}.Debug|x64.Build.0 = Debug|x64
		{3F24B278-B4C2-4AB4-9F5D-F4730B653B0D}.Debug|x86.ActiveCfg = Debug|Win32
		{3F24B278-B4C2-4AB4-9F5D-F4730B653B0D}.Debug|x86.Build.0 = Debug|Win32
		{3F24B278-B4C2-4AB4-9F5D-F4730B653B0D}.Release|x64.ActiveCfg = Release|x64
		{3F24B278-B4C2-4AB4-9F5D-F4730B653B0D}.Release|x64.Build.0 = Release|x64
		{3F24B278-B4C2-4AB4-9F5D-F4730B653B0D}.Release|x86.ActiveCfg = Release|Win32
		{3F24B278-B4C2-4AB4-9F5D-F4730B653B0D}.Release|x86.Build.0 = Release|Win32
		{95F4B277-3307-45F0-8043-50DA1ED36887}.Debug|x64.ActiveCfg = Debug|x64
		{95F4B277-3307-45F0-8043-50DA1ED36887}.Debug|x64.Build.0 = Debug|x64
		{95F4B277-3307-45F0-8043-50DA1ED36887}.Debug|x86.ActiveCfg = Debug|Win32
		{95F4B277-3307-45F0-8043-50DA1ED36887}.Debug|x86.Build.0 = Debug|Win32
		{95F4B277-3307-45F0-8043-50DA1ED36887}.Release|x64.ActiveCfg = Release|x64
		{95F4B277-3307-45F0-8043-50DA1ED36887}.Release|x64.Build.0 = Release|x64
		{95F4B277-3307-45F0-8043-50DA1ED36887}.Release|x86.ActiveCfg = Release|Win32
		{95F4B277-3307-45F0-8043-50DA1ED36887}.Release|x86.Build.0 = Release|Win32
		{BEB58148-7726-4218-BD6B-5AE258879C94}.Debug|x64.ActiveCfg = Debug|x64
		{BEB58148-7726-4218-BD6B-5AE258879C94}.Debug|x64.Build.0 = Debug|x64
		{BEB58148-7726-4218-BD6B-5AE258879C94}.Debug|x86.ActiveCfg = Debug|Win32
		{BEB58148-7726-4218-BD6B-5AE258879C94}.Debug|x86.Build.0 = Debug|Win32
		{BEB58148-7726-4218-BD6B-5AE258879C94}.Release|x64.ActiveCfg = Release|x64
		{BEB58148-7726-4218-BD6B-5AE258879C94}.Release|x64.Build.0 = Release|x64
		{BEB58148-7726-4218-BD6B-5AE258879C94}.Release|x86.ActiveCfg = Release|Win32
		{BEB58148-7726-4218-BD6B-5AE258879C94}.Release|x86.Build.0 = Release|Win32
		{F62CDCAB-A511-4237-B3B5-8945709879E5}.Debug|x64.ActiveCfg = Debug|x64
		{F62CDCAB-A511-4237-B3B5-8945709879E5}.Debug|x64.Build.0 = Debug|x64
		{F62CDCAB-A511-4237-B3B5-8945709879E5}.Debug|x86.ActiveCfg = Debug|Win32
		{F62CDCAB-A511-4237-B3B5-8945709879E5}.Debug|x86.Build.0 = Debug|Win32
		{F62CDCAB-A511-4237-B3B5-8945709879E5}.Release|x64.ActiveCfg = Release|x64
		{F62CDCAB-A511-4237-B3B5-8945709879E5}.Release|x64.Build.0 = Release|x64
		{F62CDCAB-A511-4237-B3B5-8945709879E5}.Release|x86.ActiveCfg = Release|Win32
		{F62CDCAB-A511-4237-B3B5-8945709879E5}.Release|x86.Build.0 = Release|Win32
		{009D6C69-39D6-4EBD-8317-880921C6D354}.Debug|x64.ActiveCfg = Debug|x64
		{009D6C69-39D6-4EBD-8317-880921C6D354}.Debug|x64.Build.0 = Debug|x64
		{009D6C69-39D6-4EBD-8317-880921C6D354}.Debug|x86.ActiveCfg = Debug|Win32
		{009D6C69-39D6-4EBD-8317-880921C6D354}.Debug|x86.Build.0 = Debug|Win32
		{009D6C69-39D6-4EBD-8317-880921C6D354}.Release|x64.ActiveCfg = Release|x64
		{009D6C69-39D6-4EBD-8317-880921C6D354}.Release|x64.Build.0 = Release|x64
		{009D6C69-39D6-4EBD-8317-880921C6D354}.Release|x86.ActiveCfg = Release|Win32
		{009D6C69-39D6-4EBD-8317-880921C6D354}.Release|x86.Build.0 = Release|Win32
		{5E78FD69-8DD9-4E75-A245-B5608174A2A9}.Debug|x64.ActiveCfg = Debug|x64
		{5E78FD69-8DD9-4E75-A245-B5608174A2A9}.Debug|x64.Build.0 = Debug|x64
		{5E78FD69-8DD9-4E75-A245-B5608174A2A9}.Debug|x86.ActiveCfg = Debug|Win32
		{5E78FD69-8DD9-4E75-A245-B5608174A2A9}.Debug|x86.Build.0 = Debug|Win32
		{5E78FD69-8DD9-4E75-A245-B5608174A2A9}.Release|x64.ActiveCfg = Release|x64
		{5E78FD69-8DD9-4E75-A245-B5608174A2A9}.Release|x64.Build.0 = Release|x64
		{5E78FD69-8DD9-4E75-A245-B5608174A2A9}.Release|x86.ActiveCfg = Release|Win32
		{5E78FD69-8DD9-4E75-A245-B5608174A2A9}.Release|x86.Build.0 = Release|Win32
		{6A821C86-B4BE-41CA-9A12-FF967CED52F0}.Debug|x64.ActiveCfg = Debug|x64
		{6A821C86-B4BE-41CA-9A12-FF967CED52F0}.Debug|x64.Build.0 = Debug|x64
		{6A821C86-B4BE-41CA-9A12-FF967CED52F0}.Debug|x86.ActiveCfg = Debug|Win32
		{6A821C86-B4BE-41CA-9A12-FF967CED52F0}.Debug|x86.Build.0 = Debug|Win32
		{6A821C86-B4BE-41CA-9A12-FF967CED52F0}.Release|x64.ActiveCfg = Release|x64
		{6A821C86-B4BE-41CA-9A12-FF967CED52F0}.Release|x64.Build.0 = Release|x64
		{6A821C86-B4BE-41CA-9A12-FF967CED52F0}.Release|x86.ActiveCfg = Release|Win32
		{6A821C86-B4BE-41CA-9A12-FF967CED52F0}.Release|x86.Build.0 = Release|Win32
		{9B2A6564-276A-4286-A4C3-346932FC7720}.Debug|x64.ActiveCfg = Debug|x64
		{9B2A6564-276A-4286-A4C3-346932FC7720}.Debug|x64.Build.0 = Debug|x64
		{9B2A6564-276A-4286-A4C3-346932FC7720}.Debug|x86.ActiveCfg = Debug|Win32
		{9B2A6564-276A-4286-A4C3-346932FC7720}.Debug|x86.Build.0 = Debug|Win32
		{9B2A6564-276A-4286-A4C3-346932FC7720}.Release|x64.ActiveCfg = Release|x64
		{9B2A6564-276A-4286-A4C3-346932FC7720}.Release|x64.Build.0 = Release|x64
		{9B2A6564-276A-4286-A4C3-346932FC7720}.Release|x86.ActiveCfg = Release|Win32
		{9B2A6564-276A-4286-A4C3-346932FC7720}.Release|x86.Build.0 = Release|Win32
	EndGlobalSection
	GlobalSection(SolutionProperties) = preSolution
		HideSolutionNode = FALSE
	EndGlobalSection
	GlobalSection(NestedProjects) = preSolution
		{EE572083-8D2D-4784-BF93-87AF32152533} = {9096C8A3-67CB-4792-AF71-D528D697AB95}
		{C472EC22-5DF6-4986-9E18-B77B735918F2} = {9096C8A3-67CB-4792-AF71-D528D697AB95}
		{FF923929-0600-46F7-B178-16FA432B3B90} = {9096C8A3-67CB-4792-AF71-D528D697AB95}
		{3F24B278-B4C2-4AB4-9F5D-F4730B653B0D} = {9096C8A3-67CB-4792-AF71-D528D697AB95}
		{95F4B277-3307-45F0-8043-50DA1ED36887} = {9096C8A3-67CB-4792-AF71-D528D697AB95}
		{BEB58148-7726-4218-BD6B-5AE258879C94} = {9096C8A3-67CB-4792-AF71-D528D697AB95}
		{F62CDCAB-A511-4237-B3B5-8945709879E5} = {9096C8A3-67CB-4792-AF71-D528D697AB95}
		{009D6C69-39D6-4EBD-8317-880921C6D354} = {9096C8A3-67CB-4792-AF71-D528D697AB95}
		{5E78FD69-8DD9-4E75-A245-B5608174A2A9} = {9096C8A3-67CB-4792-AF71-D528D697AB95}
		{6A821C86-B4BE-41CA-9A12-FF967CED52F0} = {9096C8A3-67CB-4792-AF71-D528D697AB95}
		{9B2A6564-276A-4286-A4C3-346932FC7720} = {9096C8A3-67CB-4792-AF71-D528D697AB95}
	EndGlobalSection
	GlobalSection(ExtensibilityGlobals) = postSolution
		SolutionGuid = {26ECE442-0EF4-4F29-8296-C2F10EA81E2D}
	EndGlobalSection
EndGlobal
